{
  "projects": [
    {
      "projectId": "seaQhLVS4bbjiGvJJrRwyL",
      "version": "15.0.3",
      "dependencies": {},
      "lang": "ts",
      "fileLocks": [
        {
          "assetId": "seaQhLVS4bbjiGvJJrRwyL",
          "type": "projectCss",
          "checksum": "9345b883752a1b7fa88c203f6bc63740"
        }
      ],
      "codegenVersion": "0.0.1"
    },
    {
      "projectId": "pRuurKx4qvQgrn4j4Y2QQH",
      "version": "latest",
      "dependencies": {
        "seaQhLVS4bbjiGvJJrRwyL": "15.0.3"
      },
      "lang": "ts",
      "fileLocks": [
        {
          "type": "globalVariant",
          "assetId": "nO3CKcOKRIuu",
          "checksum": "32b04e6af253010efe09f4203aec7d73"
        },
        {
          "type": "renderModule",
          "assetId": "H_C24Ypq5Q4",
          "checksum": "2c8eb57363a2cf90b705864cbfa4b2c7"
        },
        {
          "type": "cssRules",
          "assetId": "H_C24Ypq5Q4",
          "checksum": "2c8eb57363a2cf90b705864cbfa4b2c7"
        },
        {
          "type": "renderModule",
          "assetId": "8SI-4BeePs4",
          "checksum": "a1a5a0a1cd494824c2768fc09c9a34ef"
        },
        {
          "type": "cssRules",
          "assetId": "8SI-4BeePs4",
          "checksum": "a1a5a0a1cd494824c2768fc09c9a34ef"
        },
        {
          "type": "renderModule",
          "assetId": "LSa4QycSwwp",
          "checksum": "c5d8ab1c86f2838cdf3ec14070106c90"
        },
        {
          "type": "cssRules",
          "assetId": "LSa4QycSwwp",
          "checksum": "c5d8ab1c86f2838cdf3ec14070106c90"
        },
        {
          "type": "renderModule",
          "assetId": "sfheXgfgSKL",
          "checksum": "dccb1c58d5853c3a3bf9bd14439c612c"
        },
        {
          "type": "cssRules",
          "assetId": "sfheXgfgSKL",
          "checksum": "dccb1c58d5853c3a3bf9bd14439c612c"
        },
        {
          "type": "renderModule",
          "assetId": "dVsW3BamtUD",
          "checksum": "86ee05c0684a331d6fe71c0c48853c95"
        },
        {
          "type": "cssRules",
          "assetId": "dVsW3BamtUD",
          "checksum": "86ee05c0684a331d6fe71c0c48853c95"
        },
        {
          "type": "renderModule",
          "assetId": "BtJHEzrxOus",
          "checksum": "9e151cded72f7f4cf18edd1669eba728"
        },
        {
          "type": "cssRules",
          "assetId": "BtJHEzrxOus",
          "checksum": "9e151cded72f7f4cf18edd1669eba728"
        },
        {
          "type": "renderModule",
          "assetId": "3bjoCbyUtJy3",
          "checksum": "30e9b72305ed7e572f99076763a05510"
        },
        {
          "type": "cssRules",
          "assetId": "3bjoCbyUtJy3",
          "checksum": "30e9b72305ed7e572f99076763a05510"
        },
        {
          "type": "renderModule",
          "assetId": "KaqiTJspLoXd",
          "checksum": "2ac8556f269a0a5e239c5bacea5baf64"
        },
        {
          "type": "cssRules",
          "assetId": "KaqiTJspLoXd",
          "checksum": "2ac8556f269a0a5e239c5bacea5baf64"
        },
        {
          "type": "renderModule",
          "assetId": "0NL0l1MZqsOW",
          "checksum": "362e1355559e6d5dd58191520a9a644c"
        },
        {
          "type": "cssRules",
          "assetId": "0NL0l1MZqsOW",
          "checksum": "362e1355559e6d5dd58191520a9a644c"
        },
        {
          "type": "renderModule",
          "assetId": "Gko4s4ggttZk",
          "checksum": "6f78910f31002df6c54e7cf3cd19de50"
        },
        {
          "type": "cssRules",
          "assetId": "Gko4s4ggttZk",
          "checksum": "6f78910f31002df6c54e7cf3cd19de50"
        },
        {
          "type": "renderModule",
          "assetId": "0MuyPOIkY8Gc",
          "checksum": "555e8919330b055020f1c0c20acc75cf"
        },
        {
          "type": "cssRules",
          "assetId": "0MuyPOIkY8Gc",
          "checksum": "555e8919330b055020f1c0c20acc75cf"
        },
        {
          "type": "renderModule",
          "assetId": "vSwW5z63HqDP",
          "checksum": "857c4f190269b07a234948e1d083ad61"
        },
        {
          "type": "cssRules",
          "assetId": "vSwW5z63HqDP",
          "checksum": "857c4f190269b07a234948e1d083ad61"
        },
        {
          "type": "renderModule",
          "assetId": "m_bBKXqy__Jt",
          "checksum": "ba382bdfd400c4121b52b0212a9a5fba"
        },
        {
          "type": "cssRules",
          "assetId": "m_bBKXqy__Jt",
          "checksum": "ba382bdfd400c4121b52b0212a9a5fba"
        },
        {
          "type": "renderModule",
          "assetId": "Jqbvgw6Ua3KP",
          "checksum": "a2e71cbe7a688eaf33c7dd66c71abed6"
        },
        {
          "type": "cssRules",
          "assetId": "Jqbvgw6Ua3KP",
          "checksum": "a2e71cbe7a688eaf33c7dd66c71abed6"
        },
        {
          "type": "renderModule",
          "assetId": "opDBHhnXpCbj",
          "checksum": "53b0aba3dc0c9fa49252e090571b8c6c"
        },
        {
          "type": "cssRules",
          "assetId": "opDBHhnXpCbj",
          "checksum": "53b0aba3dc0c9fa49252e090571b8c6c"
        },
        {
          "type": "renderModule",
          "assetId": "tKVGzilmwKH9",
          "checksum": "94605648dfc3e0feeb0212d33f9ffca4"
        },
        {
          "type": "cssRules",
          "assetId": "tKVGzilmwKH9",
          "checksum": "94605648dfc3e0feeb0212d33f9ffca4"
        },
        {
          "type": "renderModule",
          "assetId": "ynV64VnW7oZH",
          "checksum": "4d1fad9451ecf7104e2d47883aa5a17d"
        },
        {
          "type": "cssRules",
          "assetId": "ynV64VnW7oZH",
          "checksum": "4d1fad9451ecf7104e2d47883aa5a17d"
        },
        {
          "type": "icon",
          "assetId": "cji3MvmtMD3r",
          "checksum": "4ad7cd18f78cf704fb2b81c77893e176"
        },
        {
          "type": "icon",
          "assetId": "uPDW38K0OMta",
          "checksum": "4622067c65728aee785b071b5f3a8954"
        },
        {
          "type": "icon",
          "assetId": "eAWAM8qPghts",
          "checksum": "d7aac8d00dc1619284594d00a4ce0163"
        },
        {
          "type": "icon",
          "assetId": "k_IMtOAfGhvv",
          "checksum": "3d5db3ab4c89a1819fda2f2845c384ee"
        },
        {
          "type": "icon",
          "assetId": "-5IQo-2Lf3Zl",
          "checksum": "9f50ad077d61635f8e1589a5478fcde7"
        },
        {
          "type": "icon",
          "assetId": "pLOuhobRPcj-",
          "checksum": "c9ad7cb986d7690aa9f70702a6072788"
        },
        {
          "type": "icon",
          "assetId": "bzxoUemDVk86",
          "checksum": "5bbdcd444014d17e4a9bc6e6f55d733a"
        },
        {
          "type": "icon",
          "assetId": "nQPFWx2weykt",
          "checksum": "e89d304a6d7491726a4a32f88bb131ac"
        },
        {
          "type": "icon",
          "assetId": "xDTzOqHU4KQh",
          "checksum": "002e2124062ee1f118c763e64e6dfa8f"
        },
        {
          "type": "icon",
          "assetId": "0wGmnpNc9f6d",
          "checksum": "bf48bafc403a9719651e40f1da925565"
        },
        {
          "type": "icon",
          "assetId": "alBI1w-5QsNW",
          "checksum": "319c392eeb96d90237780307372fb06b"
        },
        {
          "type": "icon",
          "assetId": "Pq_ALWqHGwJN",
          "checksum": "7bb2328c3caf6b6af8f338e9dc5ae1bb"
        },
        {
          "type": "icon",
          "assetId": "Fw-4TcN5lhH-",
          "checksum": "5c69078afbeec3c54e577edc7a2b11ab"
        },
        {
          "type": "icon",
          "assetId": "nWHhT_XkFxkr",
          "checksum": "ac4ccc3a40d176bd39b87ad0df543fa7"
        },
        {
          "type": "icon",
          "assetId": "C5JNr10S0sWA",
          "checksum": "e31be553022996985d68240d37ad6915"
        },
        {
          "type": "icon",
          "assetId": "0J5nC0vWO6Zl",
          "checksum": "357d0f9dbb5ec239a5b319ac3971d8f2"
        },
        {
          "type": "icon",
          "assetId": "DwWC_vMoX5NU",
          "checksum": "6af20ec8fb0c9ffc6cf5e6c582ce9143"
        },
        {
          "type": "icon",
          "assetId": "8M-a_c_hGVPk",
          "checksum": "ee772378f51143a8ad1682cc289207d8"
        },
        {
          "type": "icon",
          "assetId": "n-Y8LhfdQwE2",
          "checksum": "c298a965212ec5c37029109a8418a20c"
        },
        {
          "type": "icon",
          "assetId": "R_UZNUS4T-xH",
          "checksum": "35a06a700d02d16c14abc79100ad45ff"
        },
        {
          "type": "icon",
          "assetId": "laZZxNBpGmH4",
          "checksum": "cf737ff5f768dc33a612c2a757ef23b6"
        },
        {
          "type": "icon",
          "assetId": "yHhRLRMc3i2M",
          "checksum": "26ab51d4be5ad13b3f15568ebfe23d77"
        },
        {
          "type": "image",
          "assetId": "kYMvHNg9m3pg",
          "checksum": "dc0e6575839aded52372712bff130495"
        },
        {
          "type": "image",
          "assetId": "N-hKR3I372Kp",
          "checksum": "61e70521cf94d5bd4fcac3f39dabe94e"
        },
        {
          "type": "image",
          "assetId": "U1HpEXMrGYyo",
          "checksum": "f33c2175b84c1b7d07e28e513a89312b"
        },
        {
          "type": "image",
          "assetId": "38ooY1vSI3oD",
          "checksum": "614d4a2b12042a303e7ae3060a254b2a"
        },
        {
          "type": "image",
          "assetId": "mAKfmdNv0",
          "checksum": "4b88762c868e0c3edfb5f42725f4de31"
        },
        {
          "type": "image",
          "assetId": "MyG806UNk",
          "checksum": "898d36890c84cc53a3d39d4b88f9d9ad"
        },
        {
          "type": "image",
          "assetId": "SyBnxZOhX",
          "checksum": "2e97c96dccaf66b7f47d14762c5fb878"
        },
        {
          "type": "image",
          "assetId": "YyO77PUJF",
          "checksum": "bac17e9f0f0fc485d1c5ca20743f8ed3"
        },
        {
          "type": "image",
          "assetId": "b4AWSisVp",
          "checksum": "909a6f9ae64deabbe232578ca3d24582"
        },
        {
          "type": "image",
          "assetId": "TuQ59QuOm",
          "checksum": "1f1e00b6f7aba22ccbdf11d2b71cec31"
        },
        {
          "type": "image",
          "assetId": "Ra_CUxltv",
          "checksum": "876dcdc986fb354ae505d0378a14f317"
        },
        {
          "type": "image",
          "assetId": "NcCKQ38LA",
          "checksum": "b62ceddebee164454404704cb677c538"
        },
        {
          "type": "image",
          "assetId": "Ygrq2BNr8",
          "checksum": "2bc4c8d72abb9a9a7942c4fe66fb2643"
        },
        {
          "type": "image",
          "assetId": "55ldrUAZA",
          "checksum": "fb7d556cc47a5a8f20442b40cf24d053"
        },
        {
          "type": "image",
          "assetId": "U22p6gxKO",
          "checksum": "2a3dc929022fc9f777c0698498d52574"
        },
        {
          "assetId": "pRuurKx4qvQgrn4j4Y2QQH",
          "type": "projectCss",
          "checksum": "08f90bf7354b86aa7ade224d0f8848a8"
        }
      ],
      "codegenVersion": "0.0.1"
    }
  ],
  "cliVersion": "0.1.166"
}
