{
  "projects": [
    {
      "projectId": "seaQhLVS4bbjiGvJJrRwyL",
      "version": "15.0.3",
      "dependencies": {},
      "lang": "ts",
      "fileLocks": [
        {
          "assetId": "seaQhLVS4bbjiGvJJrRwyL",
          "type": "projectCss",
          "checksum": "5b5a990437b78ed8a03a3f160ca34dce"
        }
      ]
    },
    {
      "projectId": "pRuurKx4qvQgrn4j4Y2QQH",
      "version": "latest",
      "dependencies": {
        "seaQhLVS4bbjiGvJJrRwyL": "15.0.3"
      },
      "lang": "ts",
      "fileLocks": [
        {
          "type": "globalVariant",
          "assetId": "nO3CKcOKRIuu",
          "checksum": "32b04e6af253010efe09f4203aec7d73"
        },
        {
          "type": "renderModule",
          "assetId": "H_C24Ypq5Q4",
          "checksum": "c0f2f26b0371d00a23e1ea318fae5881"
        },
        {
          "type": "cssRules",
          "assetId": "H_C24Ypq5Q4",
          "checksum": "c0f2f26b0371d00a23e1ea318fae5881"
        },
        {
          "type": "renderModule",
          "assetId": "8SI-4BeePs4",
          "checksum": "27655ce04ef363ac445ccbc56ac77986"
        },
        {
          "type": "cssRules",
          "assetId": "8SI-4BeePs4",
          "checksum": "27655ce04ef363ac445ccbc56ac77986"
        },
        {
          "type": "renderModule",
          "assetId": "LSa4QycSwwp",
          "checksum": "492d38efce721d5a284899ff263ec5ca"
        },
        {
          "type": "cssRules",
          "assetId": "LSa4QycSwwp",
          "checksum": "492d38efce721d5a284899ff263ec5ca"
        },
        {
          "type": "renderModule",
          "assetId": "sfheXgfgSKL",
          "checksum": "abb6603e8c4cf21b0235417bf87e4cde"
        },
        {
          "type": "cssRules",
          "assetId": "sfheXgfgSKL",
          "checksum": "abb6603e8c4cf21b0235417bf87e4cde"
        },
        {
          "type": "renderModule",
          "assetId": "dVsW3BamtUD",
          "checksum": "0a0eb8c1df8efc5baf758d83b98f8093"
        },
        {
          "type": "cssRules",
          "assetId": "dVsW3BamtUD",
          "checksum": "0a0eb8c1df8efc5baf758d83b98f8093"
        },
        {
          "type": "renderModule",
          "assetId": "BtJHEzrxOus",
          "checksum": "e0930b13fa3395e3ff0f8a36381ac188"
        },
        {
          "type": "cssRules",
          "assetId": "BtJHEzrxOus",
          "checksum": "e0930b13fa3395e3ff0f8a36381ac188"
        },
        {
          "type": "renderModule",
          "assetId": "3bjoCbyUtJy3",
          "checksum": "ed7328c6d831268d373ee314b6c492c6"
        },
        {
          "type": "cssRules",
          "assetId": "3bjoCbyUtJy3",
          "checksum": "ed7328c6d831268d373ee314b6c492c6"
        },
        {
          "type": "renderModule",
          "assetId": "KaqiTJspLoXd",
          "checksum": "fbe89a774391706d835d99a980e087c5"
        },
        {
          "type": "cssRules",
          "assetId": "KaqiTJspLoXd",
          "checksum": "fbe89a774391706d835d99a980e087c5"
        },
        {
          "type": "renderModule",
          "assetId": "0NL0l1MZqsOW",
          "checksum": "8993c00cc62006960d3c6a2e4d63c601"
        },
        {
          "type": "cssRules",
          "assetId": "0NL0l1MZqsOW",
          "checksum": "8993c00cc62006960d3c6a2e4d63c601"
        },
        {
          "type": "renderModule",
          "assetId": "Gko4s4ggttZk",
          "checksum": "8598eb44173c9d591f8215ba3fc0f571"
        },
        {
          "type": "cssRules",
          "assetId": "Gko4s4ggttZk",
          "checksum": "8598eb44173c9d591f8215ba3fc0f571"
        },
        {
          "type": "renderModule",
          "assetId": "0MuyPOIkY8Gc",
          "checksum": "aa9fe302338e2fe2e30d66b08d059724"
        },
        {
          "type": "cssRules",
          "assetId": "0MuyPOIkY8Gc",
          "checksum": "aa9fe302338e2fe2e30d66b08d059724"
        },
        {
          "type": "renderModule",
          "assetId": "vSwW5z63HqDP",
          "checksum": "1dcec0361a49a2930d5aea6f363fa866"
        },
        {
          "type": "cssRules",
          "assetId": "vSwW5z63HqDP",
          "checksum": "1dcec0361a49a2930d5aea6f363fa866"
        },
        {
          "type": "renderModule",
          "assetId": "m_bBKXqy__Jt",
          "checksum": "9f2a15ec4a9a66fb53500152fd5fc9e0"
        },
        {
          "type": "cssRules",
          "assetId": "m_bBKXqy__Jt",
          "checksum": "9f2a15ec4a9a66fb53500152fd5fc9e0"
        },
        {
          "type": "renderModule",
          "assetId": "Jqbvgw6Ua3KP",
          "checksum": "91f00afa326a2c3000d2fb79f55453ec"
        },
        {
          "type": "cssRules",
          "assetId": "Jqbvgw6Ua3KP",
          "checksum": "91f00afa326a2c3000d2fb79f55453ec"
        },
        {
          "type": "renderModule",
          "assetId": "opDBHhnXpCbj",
          "checksum": "9c32567413fe15bfcaaad8e042da919c"
        },
        {
          "type": "cssRules",
          "assetId": "opDBHhnXpCbj",
          "checksum": "9c32567413fe15bfcaaad8e042da919c"
        },
        {
          "type": "renderModule",
          "assetId": "tKVGzilmwKH9",
          "checksum": "d14db8957fa8a7d478029472ead67fea"
        },
        {
          "type": "cssRules",
          "assetId": "tKVGzilmwKH9",
          "checksum": "d14db8957fa8a7d478029472ead67fea"
        },
        {
          "type": "renderModule",
          "assetId": "ynV64VnW7oZH",
          "checksum": "8f4edcefb156ff53e89f8d30700c99b8"
        },
        {
          "type": "cssRules",
          "assetId": "ynV64VnW7oZH",
          "checksum": "8f4edcefb156ff53e89f8d30700c99b8"
        },
        {
          "type": "icon",
          "assetId": "cji3MvmtMD3r",
          "checksum": "4ad7cd18f78cf704fb2b81c77893e176"
        },
        {
          "type": "icon",
          "assetId": "uPDW38K0OMta",
          "checksum": "4622067c65728aee785b071b5f3a8954"
        },
        {
          "type": "icon",
          "assetId": "eAWAM8qPghts",
          "checksum": "d7aac8d00dc1619284594d00a4ce0163"
        },
        {
          "type": "icon",
          "assetId": "k_IMtOAfGhvv",
          "checksum": "3d5db3ab4c89a1819fda2f2845c384ee"
        },
        {
          "type": "icon",
          "assetId": "-5IQo-2Lf3Zl",
          "checksum": "9f50ad077d61635f8e1589a5478fcde7"
        },
        {
          "type": "icon",
          "assetId": "pLOuhobRPcj-",
          "checksum": "c9ad7cb986d7690aa9f70702a6072788"
        },
        {
          "type": "icon",
          "assetId": "bzxoUemDVk86",
          "checksum": "5bbdcd444014d17e4a9bc6e6f55d733a"
        },
        {
          "type": "icon",
          "assetId": "nQPFWx2weykt",
          "checksum": "e89d304a6d7491726a4a32f88bb131ac"
        },
        {
          "type": "icon",
          "assetId": "xDTzOqHU4KQh",
          "checksum": "002e2124062ee1f118c763e64e6dfa8f"
        },
        {
          "type": "icon",
          "assetId": "0wGmnpNc9f6d",
          "checksum": "bf48bafc403a9719651e40f1da925565"
        },
        {
          "type": "icon",
          "assetId": "alBI1w-5QsNW",
          "checksum": "319c392eeb96d90237780307372fb06b"
        },
        {
          "type": "icon",
          "assetId": "Pq_ALWqHGwJN",
          "checksum": "7bb2328c3caf6b6af8f338e9dc5ae1bb"
        },
        {
          "type": "icon",
          "assetId": "Fw-4TcN5lhH-",
          "checksum": "5c69078afbeec3c54e577edc7a2b11ab"
        },
        {
          "type": "icon",
          "assetId": "nWHhT_XkFxkr",
          "checksum": "ac4ccc3a40d176bd39b87ad0df543fa7"
        },
        {
          "type": "icon",
          "assetId": "C5JNr10S0sWA",
          "checksum": "e31be553022996985d68240d37ad6915"
        },
        {
          "type": "icon",
          "assetId": "0J5nC0vWO6Zl",
          "checksum": "357d0f9dbb5ec239a5b319ac3971d8f2"
        },
        {
          "type": "icon",
          "assetId": "DwWC_vMoX5NU",
          "checksum": "6af20ec8fb0c9ffc6cf5e6c582ce9143"
        },
        {
          "type": "icon",
          "assetId": "8M-a_c_hGVPk",
          "checksum": "ee772378f51143a8ad1682cc289207d8"
        },
        {
          "type": "icon",
          "assetId": "n-Y8LhfdQwE2",
          "checksum": "c298a965212ec5c37029109a8418a20c"
        },
        {
          "type": "icon",
          "assetId": "R_UZNUS4T-xH",
          "checksum": "35a06a700d02d16c14abc79100ad45ff"
        },
        {
          "type": "icon",
          "assetId": "laZZxNBpGmH4",
          "checksum": "cf737ff5f768dc33a612c2a757ef23b6"
        },
        {
          "type": "icon",
          "assetId": "yHhRLRMc3i2M",
          "checksum": "26ab51d4be5ad13b3f15568ebfe23d77"
        },
        {
          "type": "image",
          "assetId": "kYMvHNg9m3pg",
          "checksum": "dc0e6575839aded52372712bff130495"
        },
        {
          "type": "image",
          "assetId": "N-hKR3I372Kp",
          "checksum": "61e70521cf94d5bd4fcac3f39dabe94e"
        },
        {
          "type": "image",
          "assetId": "U1HpEXMrGYyo",
          "checksum": "f33c2175b84c1b7d07e28e513a89312b"
        },
        {
          "type": "image",
          "assetId": "38ooY1vSI3oD",
          "checksum": "614d4a2b12042a303e7ae3060a254b2a"
        },
        {
          "type": "image",
          "assetId": "mAKfmdNv0",
          "checksum": "4b88762c868e0c3edfb5f42725f4de31"
        },
        {
          "type": "image",
          "assetId": "MyG806UNk",
          "checksum": "898d36890c84cc53a3d39d4b88f9d9ad"
        },
        {
          "type": "image",
          "assetId": "SyBnxZOhX",
          "checksum": "2e97c96dccaf66b7f47d14762c5fb878"
        },
        {
          "type": "image",
          "assetId": "YyO77PUJF",
          "checksum": "bac17e9f0f0fc485d1c5ca20743f8ed3"
        },
        {
          "type": "image",
          "assetId": "b4AWSisVp",
          "checksum": "909a6f9ae64deabbe232578ca3d24582"
        },
        {
          "type": "image",
          "assetId": "TuQ59QuOm",
          "checksum": "1f1e00b6f7aba22ccbdf11d2b71cec31"
        },
        {
          "type": "image",
          "assetId": "Ra_CUxltv",
          "checksum": "876dcdc986fb354ae505d0378a14f317"
        },
        {
          "type": "image",
          "assetId": "NcCKQ38LA",
          "checksum": "b62ceddebee164454404704cb677c538"
        },
        {
          "type": "image",
          "assetId": "Ygrq2BNr8",
          "checksum": "2bc4c8d72abb9a9a7942c4fe66fb2643"
        },
        {
          "type": "image",
          "assetId": "55ldrUAZA",
          "checksum": "fb7d556cc47a5a8f20442b40cf24d053"
        },
        {
          "type": "image",
          "assetId": "U22p6gxKO",
          "checksum": "2a3dc929022fc9f777c0698498d52574"
        },
        {
          "assetId": "pRuurKx4qvQgrn4j4Y2QQH",
          "type": "projectCss",
          "checksum": "d2f03131f93f3a233348aa42df57c8d1"
        }
      ]
    }
  ],
  "cliVersion": "0.1.166"
}
